
Microsoft Visual Studio Solution File, Format Version 12.00
# Visual Studio Version 17
VisualStudioVersion = 17.1.32319.34
MinimumVisualStudioVersion = 10.0.40219.1
Project("{9A19103F-16F7-4668-BE54-9A1E7A4F7556}") = "Unlimotion", "Unlimotion\Unlimotion.csproj", "{7F213DC0-4CB1-477D-A526-70A95AE3E622}"
EndProject
Project("{9A19103F-16F7-4668-BE54-9A1E7A4F7556}") = "Unlimotion.ViewModel", "Unlimotion.ViewModel\Unlimotion.ViewModel.csproj", "{B1E96338-B8BF-4ED9-AAB3-64C40F362F41}"
EndProject
Project("{9A19103F-16F7-4668-BE54-9A1E7A4F7556}") = "Unlimotion.Test", "Unlimotion.Test\Unlimotion.Test.csproj", "{8C2EB230-1A2E-4187-AEA0-F68116431D49}"
EndProject
Project("{9A19103F-16F7-4668-BE54-9A1E7A4F7556}") = "Unlimotion.Android", "Unlimotion.Android\Unlimotion.Android.csproj", "{6DF9C0E7-E1B1-4BF3-ACA8-9CE6A7554DCD}"
EndProject
Project("{9A19103F-16F7-4668-BE54-9A1E7A4F7556}") = "Unlimotion.Desktop", "Unlimotion.Desktop\Unlimotion.Desktop.csproj", "{8743C24C-576C-48D4-BE3F-CEB269889AE9}"
EndProject
Project("{2150E333-8FDC-42A3-9474-1A3956D46DE8}") = "Solution", "Solution", "{4BD8DA85-B821-4032-98CA-F82B4DE4532C}"
	ProjectSection(SolutionItems) = preProject
		Directory.Build.props = Directory.Build.props
		global.json = global.json
		nuget.config = nuget.config
	EndProjectSection
EndProject
Project("{9A19103F-16F7-4668-BE54-9A1E7A4F7556}") = "Unlimotion.Interface", "Unlimotion.Interface\Unlimotion.Interface.csproj", "{538AE278-309D-463C-94AD-96457D36E92B}"
EndProject
Project("{9A19103F-16F7-4668-BE54-9A1E7A4F7556}") = "Unlimotion.Server", "Unlimotion.Server\Unlimotion.Server.csproj", "{64918B14-811E-4366-8867-716B09902ABF}"
EndProject
Project("{9A19103F-16F7-4668-BE54-9A1E7A4F7556}") = "Unlimotion.Server.Domain", "Unlimotion.Server.Domain\Unlimotion.Server.Domain.csproj", "{E66D73CE-4F61-4D61-83BE-3E2F9710DC07}"
EndProject
Project("{9A19103F-16F7-4668-BE54-9A1E7A4F7556}") = "Unlimotion.Server.ServiceInterface", "Unlimotion.Server.ServiceInterface\Unlimotion.Server.ServiceInterface.csproj", "{10713EF4-686A-4E00-9BD4-7A34F8BC8987}"
EndProject
Project("{9A19103F-16F7-4668-BE54-9A1E7A4F7556}") = "Unlimotion.Server.ServiceModel", "Unlimotion.Server.ServiceModel\Unlimotion.Server.ServiceModel.csproj", "{4C4280BE-33D7-4A96-B75F-086A225736C1}"
EndProject
Project("{9A19103F-16F7-4668-BE54-9A1E7A4F7556}") = "Unlimotion.Server.Test", "Unlimotion.Server.Test\Unlimotion.Server.Test.csproj", "{958796EE-ED2F-48D8-9AF3-A1B5D5F27DFE}"
EndProject
Project("{E53339B2-1760-4266-BCC7-CA923CBCF16C}") = "docker-compose", "docker-compose.dcproj", "{3B31BDF8-CE3D-4E7F-BE8D-E60510DE5622}"
EndProject
Project("{9A19103F-16F7-4668-BE54-9A1E7A4F7556}") = "Unlimotion.Web", "Unlimotion.Web\Unlimotion.Web.csproj", "{78D52C5C-119F-430C-B0F4-7B91222EC384}"
EndProject
Project("{9A19103F-16F7-4668-BE54-9A1E7A4F7556}") = "Unlimotion.iOS", "Unlimotion.iOS\Unlimotion.iOS.csproj", "{FAEB9E81-5207-46F7-A642-B5248E284420}"
EndProject
Global
	GlobalSection(SolutionConfigurationPlatforms) = preSolution
		Debug|Any CPU = Debug|Any CPU
		Release|Any CPU = Release|Any CPU
	EndGlobalSection
	GlobalSection(ProjectConfigurationPlatforms) = postSolution
		{7F213DC0-4CB1-477D-A526-70A95AE3E622}.Debug|Any CPU.ActiveCfg = Debug|Any CPU
		{7F213DC0-4CB1-477D-A526-70A95AE3E622}.Debug|Any CPU.Build.0 = Debug|Any CPU
		{7F213DC0-4CB1-477D-A526-70A95AE3E622}.Release|Any CPU.ActiveCfg = Release|Any CPU
		{7F213DC0-4CB1-477D-A526-70A95AE3E622}.Release|Any CPU.Build.0 = Release|Any CPU
		{B1E96338-B8BF-4ED9-AAB3-64C40F362F41}.Debug|Any CPU.ActiveCfg = Debug|Any CPU
		{B1E96338-B8BF-4ED9-AAB3-64C40F362F41}.Debug|Any CPU.Build.0 = Debug|Any CPU
		{B1E96338-B8BF-4ED9-AAB3-64C40F362F41}.Release|Any CPU.ActiveCfg = Release|Any CPU
		{B1E96338-B8BF-4ED9-AAB3-64C40F362F41}.Release|Any CPU.Build.0 = Release|Any CPU
		{8C2EB230-1A2E-4187-AEA0-F68116431D49}.Debug|Any CPU.ActiveCfg = Debug|Any CPU
		{8C2EB230-1A2E-4187-AEA0-F68116431D49}.Debug|Any CPU.Build.0 = Debug|Any CPU
		{8C2EB230-1A2E-4187-AEA0-F68116431D49}.Release|Any CPU.ActiveCfg = Release|Any CPU
		{8C2EB230-1A2E-4187-AEA0-F68116431D49}.Release|Any CPU.Build.0 = Release|Any CPU
		{6DF9C0E7-E1B1-4BF3-ACA8-9CE6A7554DCD}.Debug|Any CPU.ActiveCfg = Debug|Any CPU
		{6DF9C0E7-E1B1-4BF3-ACA8-9CE6A7554DCD}.Debug|Any CPU.Build.0 = Debug|Any CPU
		{6DF9C0E7-E1B1-4BF3-ACA8-9CE6A7554DCD}.Debug|Any CPU.Deploy.0 = Debug|Any CPU
		{6DF9C0E7-E1B1-4BF3-ACA8-9CE6A7554DCD}.Release|Any CPU.ActiveCfg = Release|Any CPU
		{6DF9C0E7-E1B1-4BF3-ACA8-9CE6A7554DCD}.Release|Any CPU.Build.0 = Release|Any CPU
		{6DF9C0E7-E1B1-4BF3-ACA8-9CE6A7554DCD}.Release|Any CPU.Deploy.0 = Release|Any CPU
		{8743C24C-576C-48D4-BE3F-CEB269889AE9}.Debug|Any CPU.ActiveCfg = Debug|Any CPU
		{8743C24C-576C-48D4-BE3F-CEB269889AE9}.Debug|Any CPU.Build.0 = Debug|Any CPU
		{8743C24C-576C-48D4-BE3F-CEB269889AE9}.Release|Any CPU.ActiveCfg = Release|Any CPU
		{8743C24C-576C-48D4-BE3F-CEB269889AE9}.Release|Any CPU.Build.0 = Release|Any CPU
		{538AE278-309D-463C-94AD-96457D36E92B}.Debug|Any CPU.ActiveCfg = Debug|Any CPU
		{538AE278-309D-463C-94AD-96457D36E92B}.Debug|Any CPU.Build.0 = Debug|Any CPU
		{538AE278-309D-463C-94AD-96457D36E92B}.Release|Any CPU.ActiveCfg = Release|Any CPU
		{538AE278-309D-463C-94AD-96457D36E92B}.Release|Any CPU.Build.0 = Release|Any CPU
		{64918B14-811E-4366-8867-716B09902ABF}.Debug|Any CPU.ActiveCfg = Debug|Any CPU
		{64918B14-811E-4366-8867-716B09902ABF}.Debug|Any CPU.Build.0 = Debug|Any CPU
		{64918B14-811E-4366-8867-716B09902ABF}.Release|Any CPU.ActiveCfg = Release|Any CPU
		{64918B14-811E-4366-8867-716B09902ABF}.Release|Any CPU.Build.0 = Release|Any CPU
		{E66D73CE-4F61-4D61-83BE-3E2F9710DC07}.Debug|Any CPU.ActiveCfg = Debug|Any CPU
		{E66D73CE-4F61-4D61-83BE-3E2F9710DC07}.Debug|Any CPU.Build.0 = Debug|Any CPU
		{E66D73CE-4F61-4D61-83BE-3E2F9710DC07}.Release|Any CPU.ActiveCfg = Release|Any CPU
		{E66D73CE-4F61-4D61-83BE-3E2F9710DC07}.Release|Any CPU.Build.0 = Release|Any CPU
		{10713EF4-686A-4E00-9BD4-7A34F8BC8987}.Debug|Any CPU.ActiveCfg = Debug|Any CPU
		{10713EF4-686A-4E00-9BD4-7A34F8BC8987}.Debug|Any CPU.Build.0 = Debug|Any CPU
		{10713EF4-686A-4E00-9BD4-7A34F8BC8987}.Release|Any CPU.ActiveCfg = Release|Any CPU
		{10713EF4-686A-4E00-9BD4-7A34F8BC8987}.Release|Any CPU.Build.0 = Release|Any CPU
		{4C4280BE-33D7-4A96-B75F-086A225736C1}.Debug|Any CPU.ActiveCfg = Debug|Any CPU
		{4C4280BE-33D7-4A96-B75F-086A225736C1}.Debug|Any CPU.Build.0 = Debug|Any CPU
		{4C4280BE-33D7-4A96-B75F-086A225736C1}.Release|Any CPU.ActiveCfg = Release|Any CPU
		{4C4280BE-33D7-4A96-B75F-086A225736C1}.Release|Any CPU.Build.0 = Release|Any CPU
		{958796EE-ED2F-48D8-9AF3-A1B5D5F27DFE}.Debug|Any CPU.ActiveCfg = Debug|Any CPU
		{958796EE-ED2F-48D8-9AF3-A1B5D5F27DFE}.Debug|Any CPU.Build.0 = Debug|Any CPU
		{958796EE-ED2F-48D8-9AF3-A1B5D5F27DFE}.Release|Any CPU.ActiveCfg = Release|Any CPU
		{958796EE-ED2F-48D8-9AF3-A1B5D5F27DFE}.Release|Any CPU.Build.0 = Release|Any CPU
		{3B31BDF8-CE3D-4E7F-BE8D-E60510DE5622}.Debug|Any CPU.ActiveCfg = Debug|Any CPU
		{3B31BDF8-CE3D-4E7F-BE8D-E60510DE5622}.Debug|Any CPU.Build.0 = Debug|Any CPU
		{3B31BDF8-CE3D-4E7F-BE8D-E60510DE5622}.Release|Any CPU.ActiveCfg = Release|Any CPU
		{3B31BDF8-CE3D-4E7F-BE8D-E60510DE5622}.Release|Any CPU.Build.0 = Release|Any CPU
		{78D52C5C-119F-430C-B0F4-7B91222EC384}.Debug|Any CPU.ActiveCfg = Debug|Any CPU
		{78D52C5C-119F-430C-B0F4-7B91222EC384}.Debug|Any CPU.Build.0 = Debug|Any CPU
		{78D52C5C-119F-430C-B0F4-7B91222EC384}.Release|Any CPU.ActiveCfg = Release|Any CPU
		{78D52C5C-119F-430C-B0F4-7B91222EC384}.Release|Any CPU.Build.0 = Release|Any CPU
		{FAEB9E81-5207-46F7-A642-B5248E284420}.Debug|Any CPU.ActiveCfg = Debug|Any CPU
		{FAEB9E81-5207-46F7-A642-B5248E284420}.Debug|Any CPU.Build.0 = Debug|Any CPU
		{FAEB9E81-5207-46F7-A642-B5248E284420}.Release|Any CPU.ActiveCfg = Release|Any CPU
		{FAEB9E81-5207-46F7-A642-B5248E284420}.Release|Any CPU.Build.0 = Release|Any CPU
	EndGlobalSection
	GlobalSection(SolutionProperties) = preSolution
		HideSolutionNode = FALSE
	EndGlobalSection
	GlobalSection(ExtensibilityGlobals) = postSolution
		SolutionGuid = {9C804751-6E87-4445-A13B-6D3E6CE396F1}
	EndGlobalSection
EndGlobal
